
Microsoft Visual Studio Solution File, Format Version 12.00
# Visual Studio 2013
VisualStudioVersion = 12.0.31101.0
MinimumVisualStudioVersion = 10.0.40219.1
Project("{2150E333-8FDC-42A3-9474-1A3956D46DE8}") = "third_party", "third_party", "{5D2BA8C2-3BD9-49B6-AC01-A3C43CC2CA8E}"
EndProject
Project("{2150E333-8FDC-42A3-9474-1A3956D46DE8}") = "chromium", "chromium", "{BD824E1E-D368-4591-8C6E-170347CFFB9B}"
EndProject
Project("{2150E333-8FDC-42A3-9474-1A3956D46DE8}") = "json", "json", "{E4DA40E5-107E-4F4F-9ABC-4B175ED2939A}"
EndProject
Project("{2150E333-8FDC-42A3-9474-1A3956D46DE8}") = "libcurl", "libcurl", "{6A43BC00-B6EE-4254-A73B-C88279DACDF5}"
EndProject
Project("{2150E333-8FDC-42A3-9474-1A3956D46DE8}") = "base", "base", "{42396840-B5EF-4C0F-81D0-5BE9F9FDBCDF}"
EndProject
Project("{2150E333-8FDC-42A3-9474-1A3956D46DE8}") = "third_party", "third_party", "{02CF909C-76F9-48D8-9B22-8C54F29D034C}"
EndProject
Project("{2150E333-8FDC-42A3-9474-1A3956D46DE8}") = "third_party", "third_party", "{93DDF6A2-184F-4C4A-A906-9F8C16929DD6}"
EndProject
Project("{2150E333-8FDC-42A3-9474-1A3956D46DE8}") = "dynamic_annotations", "dynamic_annotations", "{503025CF-85E4-4997-AE4E-A43D806D05A6}"
EndProject
Project("{8BC9CEB8-8B4A-11D0-8D11-00A0C91BC942}") = "dynamic_annotations", "third_party\chromium\base\third_party\dynamic_annotations\dynamic_annotations.vcxproj", "{B68EE2BD-0BA9-9949-464B-39FFE5CABD0A}"
EndProject
Project("{8BC9CEB8-8B4A-11D0-8D11-00A0C91BC942}") = "base", "third_party\chromium\base\base.vcxproj", "{ED99D404-F6B3-517A-4EA7-604A10269355}"
EndProject
Project("{8BC9CEB8-8B4A-11D0-8D11-00A0C91BC942}") = "base_static", "third_party\chromium\base\base_static.vcxproj", "{FF406463-E0EF-C1B2-C0B8-072E8EE1C97F}"
EndProject
Project("{2150E333-8FDC-42A3-9474-1A3956D46DE8}") = "modp_b64", "modp_b64", "{513D3215-437D-4411-9F60-4456EB52FC7E}"
EndProject
Project("{8BC9CEB8-8B4A-11D0-8D11-00A0C91BC942}") = "modp_b64", "third_party\chromium\third_party\modp_b64\modp_b64.vcxproj", "{1BD25A02-6445-F711-4090-E353CADE906E}"
EndProject
Project("{8BC9CEB8-8B4A-11D0-8D11-00A0C91BC942}") = "json", "third_party\json\json.vcxproj", "{0DECA417-FD94-4652-9881-53F935D89245}"
EndProject
Project("{8BC9CEB8-8B4A-11D0-8D11-00A0C91BC942}") = "libcurl", "third_party\libcurl\curl\lib\libcurl.vcxproj", "{A9B789E9-CA2D-4B2F-B5FB-6D515ECFB31E}"
EndProject
Project("{2150E333-8FDC-42A3-9474-1A3956D46DE8}") = "zlib", "zlib", "{942CB7F3-BF84-4B6C-B115-5F180DF921C0}"
EndProject
Project("{8BC9CEB8-8B4A-11D0-8D11-00A0C91BC942}") = "zlib", "third_party\chromium\third_party\zlib\zlib.vcxproj", "{57997958-0CDB-A2A6-B81A-C5CADFC6E484}"
EndProject
Project("{8BC9CEB8-8B4A-11D0-8D11-00A0C91BC942}") = "Network", "Network\Network.vcxproj", "{2147CB51-23F6-4022-8E4A-291B70570CB7}"
EndProject
Project("{2150E333-8FDC-42A3-9474-1A3956D46DE8}") = "openssl", "openssl", "{72CA0B3B-F617-42B3-A124-F05C1244398B}"
EndProject
Project("{8BC9CEB8-8B4A-11D0-8D11-00A0C91BC942}") = "ssleay32", "third_party\openssl\ssleay32\ssleay32.vcxproj", "{057EA5B8-8C47-4519-B5FC-9B28191D6843}"
EndProject
Project("{8BC9CEB8-8B4A-11D0-8D11-00A0C91BC942}") = "libeay32", "third_party\openssl\libeay32\libeay32.vcxproj", "{AC33FF8E-59E7-4E1E-8111-F446E9FB0231}"
EndProject
Project("{8BC9CEB8-8B4A-11D0-8D11-00A0C91BC942}") = "TestProject", "TestProject\TestProject.vcxproj", "{B5B3DCD8-B928-4E5C-82C5-BA898BA0F3BD}"
EndProject
Project("{8BC9CEB8-8B4A-11D0-8D11-00A0C91BC942}") = "BatchRegister", "BatchRegister\BatchRegister.vcxproj", "{7DEDC63A-8B79-477B-B80D-00288B73E11D}"
EndProject
Project("{8BC9CEB8-8B4A-11D0-8D11-00A0C91BC942}") = "BatchLogin", "BatchLogin\BatchLogin.vcxproj", "{5EE689BB-8878-48D1-839C-8D1EF0D94F1F}"
EndProject
Project("{2150E333-8FDC-42A3-9474-1A3956D46DE8}") = "cryptopp", "cryptopp", "{FCAC7BF0-C516-499F-AD29-50F82B273FF5}"
EndProject
Project("{8BC9CEB8-8B4A-11D0-8D11-00A0C91BC942}") = "cryptlib", "third_party\cryptopp\cryptlib.vcxproj", "{3423EC9A-52E4-4A4D-9753-EDEBC38785EF}"
EndProject
Project("{8BC9CEB8-8B4A-11D0-8D11-00A0C91BC942}") = "Authority", "Authority\Authority.vcxproj", "{04D939DC-6E04-4AA7-B169-D3DDD5F02FBC}"
EndProject
Project("{8BC9CEB8-8B4A-11D0-8D11-00A0C91BC942}") = "GiftDisplay", "GiftDisplay\GiftDisplay.vcxproj", "{62403993-1B5A-4916-8B8D-E5F40470D370}"
EndProject
Project("{8BC9CEB8-8B4A-11D0-8D11-00A0C91BC942}") = "AntiFlood", "AntiFlood\AntiFlood.vcxproj", "{E9035218-3760-48C7-AC18-8FC5E5205BD0}"
EndProject
Global
	GlobalSection(SolutionConfigurationPlatforms) = preSolution
		Debug|Win32 = Debug|Win32
		Debug|x64 = Debug|x64
		Release|Win32 = Release|Win32
		Release|x64 = Release|x64
	EndGlobalSection
	GlobalSection(ProjectConfigurationPlatforms) = postSolution
		{B68EE2BD-0BA9-9949-464B-39FFE5CABD0A}.Debug|Win32.ActiveCfg = Debug|Win32
		{B68EE2BD-0BA9-9949-464B-39FFE5CABD0A}.Debug|Win32.Build.0 = Debug|Win32
		{B68EE2BD-0BA9-9949-464B-39FFE5CABD0A}.Debug|x64.ActiveCfg = Debug|x64
		{B68EE2BD-0BA9-9949-464B-39FFE5CABD0A}.Debug|x64.Build.0 = Debug|x64
		{B68EE2BD-0BA9-9949-464B-39FFE5CABD0A}.Release|Win32.ActiveCfg = Release|Win32
		{B68EE2BD-0BA9-9949-464B-39FFE5CABD0A}.Release|Win32.Build.0 = Release|Win32
		{B68EE2BD-0BA9-9949-464B-39FFE5CABD0A}.Release|x64.ActiveCfg = Release|x64
		{B68EE2BD-0BA9-9949-464B-39FFE5CABD0A}.Release|x64.Build.0 = Release|x64
		{ED99D404-F6B3-517A-4EA7-604A10269355}.Debug|Win32.ActiveCfg = Debug|Win32
		{ED99D404-F6B3-517A-4EA7-604A10269355}.Debug|Win32.Build.0 = Debug|Win32
		{ED99D404-F6B3-517A-4EA7-604A10269355}.Debug|x64.ActiveCfg = Debug|x64
		{ED99D404-F6B3-517A-4EA7-604A10269355}.Debug|x64.Build.0 = Debug|x64
		{ED99D404-F6B3-517A-4EA7-604A10269355}.Release|Win32.ActiveCfg = Release|Win32
		{ED99D404-F6B3-517A-4EA7-604A10269355}.Release|Win32.Build.0 = Release|Win32
		{ED99D404-F6B3-517A-4EA7-604A10269355}.Release|x64.ActiveCfg = Release|x64
		{ED99D404-F6B3-517A-4EA7-604A10269355}.Release|x64.Build.0 = Release|x64
		{FF406463-E0EF-C1B2-C0B8-072E8EE1C97F}.Debug|Win32.ActiveCfg = Debug|Win32
		{FF406463-E0EF-C1B2-C0B8-072E8EE1C97F}.Debug|Win32.Build.0 = Debug|Win32
		{FF406463-E0EF-C1B2-C0B8-072E8EE1C97F}.Debug|x64.ActiveCfg = Debug|x64
		{FF406463-E0EF-C1B2-C0B8-072E8EE1C97F}.Debug|x64.Build.0 = Debug|x64
		{FF406463-E0EF-C1B2-C0B8-072E8EE1C97F}.Release|Win32.ActiveCfg = Release|Win32
		{FF406463-E0EF-C1B2-C0B8-072E8EE1C97F}.Release|Win32.Build.0 = Release|Win32
		{FF406463-E0EF-C1B2-C0B8-072E8EE1C97F}.Release|x64.ActiveCfg = Release|x64
		{FF406463-E0EF-C1B2-C0B8-072E8EE1C97F}.Release|x64.Build.0 = Release|x64
		{1BD25A02-6445-F711-4090-E353CADE906E}.Debug|Win32.ActiveCfg = Debug|Win32
		{1BD25A02-6445-F711-4090-E353CADE906E}.Debug|Win32.Build.0 = Debug|Win32
		{1BD25A02-6445-F711-4090-E353CADE906E}.Debug|x64.ActiveCfg = Debug|x64
		{1BD25A02-6445-F711-4090-E353CADE906E}.Debug|x64.Build.0 = Debug|x64
		{1BD25A02-6445-F711-4090-E353CADE906E}.Release|Win32.ActiveCfg = Release|Win32
		{1BD25A02-6445-F711-4090-E353CADE906E}.Release|Win32.Build.0 = Release|Win32
		{1BD25A02-6445-F711-4090-E353CADE906E}.Release|x64.ActiveCfg = Release|x64
		{1BD25A02-6445-F711-4090-E353CADE906E}.Release|x64.Build.0 = Release|x64
		{0DECA417-FD94-4652-9881-53F935D89245}.Debug|Win32.ActiveCfg = Debug|Win32
		{0DECA417-FD94-4652-9881-53F935D89245}.Debug|Win32.Build.0 = Debug|Win32
		{0DECA417-FD94-4652-9881-53F935D89245}.Debug|x64.ActiveCfg = Debug|Win32
		{0DECA417-FD94-4652-9881-53F935D89245}.Release|Win32.ActiveCfg = Release|Win32
		{0DECA417-FD94-4652-9881-53F935D89245}.Release|Win32.Build.0 = Release|Win32
		{0DECA417-FD94-4652-9881-53F935D89245}.Release|x64.ActiveCfg = Release|Win32
		{A9B789E9-CA2D-4B2F-B5FB-6D515ECFB31E}.Debug|Win32.ActiveCfg = Debug|Win32
		{A9B789E9-CA2D-4B2F-B5FB-6D515ECFB31E}.Debug|Win32.Build.0 = Debug|Win32
		{A9B789E9-CA2D-4B2F-B5FB-6D515ECFB31E}.Debug|x64.ActiveCfg = Debug|Win32
		{A9B789E9-CA2D-4B2F-B5FB-6D515ECFB31E}.Release|Win32.ActiveCfg = Release|Win32
		{A9B789E9-CA2D-4B2F-B5FB-6D515ECFB31E}.Release|Win32.Build.0 = Release|Win32
		{A9B789E9-CA2D-4B2F-B5FB-6D515ECFB31E}.Release|x64.ActiveCfg = Release|Win32
		{57997958-0CDB-A2A6-B81A-C5CADFC6E484}.Debug|Win32.ActiveCfg = Debug|Win32
		{57997958-0CDB-A2A6-B81A-C5CADFC6E484}.Debug|Win32.Build.0 = Debug|Win32
		{57997958-0CDB-A2A6-B81A-C5CADFC6E484}.Debug|x64.ActiveCfg = Debug|x64
		{57997958-0CDB-A2A6-B81A-C5CADFC6E484}.Debug|x64.Build.0 = Debug|x64
		{57997958-0CDB-A2A6-B81A-C5CADFC6E484}.Release|Win32.ActiveCfg = Release|Win32
		{57997958-0CDB-A2A6-B81A-C5CADFC6E484}.Release|Win32.Build.0 = Release|Win32
		{57997958-0CDB-A2A6-B81A-C5CADFC6E484}.Release|x64.ActiveCfg = Release|x64
		{57997958-0CDB-A2A6-B81A-C5CADFC6E484}.Release|x64.Build.0 = Release|x64
		{2147CB51-23F6-4022-8E4A-291B70570CB7}.Debug|Win32.ActiveCfg = Debug|Win32
		{2147CB51-23F6-4022-8E4A-291B70570CB7}.Debug|Win32.Build.0 = Debug|Win32
		{2147CB51-23F6-4022-8E4A-291B70570CB7}.Debug|x64.ActiveCfg = Debug|Win32
		{2147CB51-23F6-4022-8E4A-291B70570CB7}.Release|Win32.ActiveCfg = Release|Win32
		{2147CB51-23F6-4022-8E4A-291B70570CB7}.Release|Win32.Build.0 = Release|Win32
		{2147CB51-23F6-4022-8E4A-291B70570CB7}.Release|x64.ActiveCfg = Release|Win32
		{057EA5B8-8C47-4519-B5FC-9B28191D6843}.Debug|Win32.ActiveCfg = Debug|Win32
		{057EA5B8-8C47-4519-B5FC-9B28191D6843}.Debug|Win32.Build.0 = Debug|Win32
		{057EA5B8-8C47-4519-B5FC-9B28191D6843}.Debug|x64.ActiveCfg = Debug|Win32
		{057EA5B8-8C47-4519-B5FC-9B28191D6843}.Release|Win32.ActiveCfg = Release|Win32
		{057EA5B8-8C47-4519-B5FC-9B28191D6843}.Release|Win32.Build.0 = Release|Win32
		{057EA5B8-8C47-4519-B5FC-9B28191D6843}.Release|x64.ActiveCfg = Release|Win32
		{AC33FF8E-59E7-4E1E-8111-F446E9FB0231}.Debug|Win32.ActiveCfg = Debug|Win32
		{AC33FF8E-59E7-4E1E-8111-F446E9FB0231}.Debug|Win32.Build.0 = Debug|Win32
		{AC33FF8E-59E7-4E1E-8111-F446E9FB0231}.Debug|x64.ActiveCfg = Debug|Win32
		{AC33FF8E-59E7-4E1E-8111-F446E9FB0231}.Release|Win32.ActiveCfg = Release|Win32
		{AC33FF8E-59E7-4E1E-8111-F446E9FB0231}.Release|Win32.Build.0 = Release|Win32
		{AC33FF8E-59E7-4E1E-8111-F446E9FB0231}.Release|x64.ActiveCfg = Release|Win32
		{B5B3DCD8-B928-4E5C-82C5-BA898BA0F3BD}.Debug|Win32.ActiveCfg = Debug|Win32
		{B5B3DCD8-B928-4E5C-82C5-BA898BA0F3BD}.Debug|Win32.Build.0 = Debug|Win32
		{B5B3DCD8-B928-4E5C-82C5-BA898BA0F3BD}.Debug|x64.ActiveCfg = Debug|Win32
		{B5B3DCD8-B928-4E5C-82C5-BA898BA0F3BD}.Release|Win32.ActiveCfg = Release|Win32
		{B5B3DCD8-B928-4E5C-82C5-BA898BA0F3BD}.Release|Win32.Build.0 = Release|Win32
		{B5B3DCD8-B928-4E5C-82C5-BA898BA0F3BD}.Release|x64.ActiveCfg = Release|Win32
		{7DEDC63A-8B79-477B-B80D-00288B73E11D}.Debug|Win32.ActiveCfg = Debug|Win32
		{7DEDC63A-8B79-477B-B80D-00288B73E11D}.Debug|Win32.Build.0 = Debug|Win32
		{7DEDC63A-8B79-477B-B80D-00288B73E11D}.Debug|x64.ActiveCfg = Debug|Win32
		{7DEDC63A-8B79-477B-B80D-00288B73E11D}.Release|Win32.ActiveCfg = Release|Win32
		{7DEDC63A-8B79-477B-B80D-00288B73E11D}.Release|Win32.Build.0 = Release|Win32
		{7DEDC63A-8B79-477B-B80D-00288B73E11D}.Release|x64.ActiveCfg = Release|Win32
		{5EE689BB-8878-48D1-839C-8D1EF0D94F1F}.Debug|Win32.ActiveCfg = Debug|Win32
		{5EE689BB-8878-48D1-839C-8D1EF0D94F1F}.Debug|Win32.Build.0 = Debug|Win32
		{5EE689BB-8878-48D1-839C-8D1EF0D94F1F}.Debug|x64.ActiveCfg = Debug|Win32
		{5EE689BB-8878-48D1-839C-8D1EF0D94F1F}.Release|Win32.ActiveCfg = Release|Win32
		{5EE689BB-8878-48D1-839C-8D1EF0D94F1F}.Release|Win32.Build.0 = Release|Win32
		{5EE689BB-8878-48D1-839C-8D1EF0D94F1F}.Release|x64.ActiveCfg = Release|Win32
		{3423EC9A-52E4-4A4D-9753-EDEBC38785EF}.Debug|Win32.ActiveCfg = Debug|Win32
		{3423EC9A-52E4-4A4D-9753-EDEBC38785EF}.Debug|Win32.Build.0 = Debug|Win32
		{3423EC9A-52E4-4A4D-9753-EDEBC38785EF}.Debug|x64.ActiveCfg = Debug|x64
		{3423EC9A-52E4-4A4D-9753-EDEBC38785EF}.Debug|x64.Build.0 = Debug|x64
		{3423EC9A-52E4-4A4D-9753-EDEBC38785EF}.Release|Win32.ActiveCfg = Release|Win32
		{3423EC9A-52E4-4A4D-9753-EDEBC38785EF}.Release|Win32.Build.0 = Release|Win32
		{3423EC9A-52E4-4A4D-9753-EDEBC38785EF}.Release|x64.ActiveCfg = Release|x64
		{3423EC9A-52E4-4A4D-9753-EDEBC38785EF}.Release|x64.Build.0 = Release|x64
		{04D939DC-6E04-4AA7-B169-D3DDD5F02FBC}.Debug|Win32.ActiveCfg = Debug|Win32
		{04D939DC-6E04-4AA7-B169-D3DDD5F02FBC}.Debug|Win32.Build.0 = Debug|Win32
		{04D939DC-6E04-4AA7-B169-D3DDD5F02FBC}.Debug|x64.ActiveCfg = Debug|Win32
		{04D939DC-6E04-4AA7-B169-D3DDD5F02FBC}.Release|Win32.ActiveCfg = Release|Win32
		{04D939DC-6E04-4AA7-B169-D3DDD5F02FBC}.Release|Win32.Build.0 = Release|Win32
		{04D939DC-6E04-4AA7-B169-D3DDD5F02FBC}.Release|x64.ActiveCfg = Release|Win32
		{62403993-1B5A-4916-8B8D-E5F40470D370}.Debug|Win32.ActiveCfg = Debug|Win32
		{62403993-1B5A-4916-8B8D-E5F40470D370}.Debug|Win32.Build.0 = Debug|Win32
		{62403993-1B5A-4916-8B8D-E5F40470D370}.Debug|x64.ActiveCfg = Debug|Win32
		{62403993-1B5A-4916-8B8D-E5F40470D370}.Release|Win32.ActiveCfg = Release|Win32
		{62403993-1B5A-4916-8B8D-E5F40470D370}.Release|Win32.Build.0 = Release|Win32
		{62403993-1B5A-4916-8B8D-E5F40470D370}.Release|x64.ActiveCfg = Release|Win32
		{E9035218-3760-48C7-AC18-8FC5E5205BD0}.Debug|Win32.ActiveCfg = Debug|Win32
		{E9035218-3760-48C7-AC18-8FC5E5205BD0}.Debug|Win32.Build.0 = Debug|Win32
		{E9035218-3760-48C7-AC18-8FC5E5205BD0}.Debug|x64.ActiveCfg = Debug|Win32
		{E9035218-3760-48C7-AC18-8FC5E5205BD0}.Release|Win32.ActiveCfg = Release|Win32
		{E9035218-3760-48C7-AC18-8FC5E5205BD0}.Release|Win32.Build.0 = Release|Win32
		{E9035218-3760-48C7-AC18-8FC5E5205BD0}.Release|x64.ActiveCfg = Release|Win32
	EndGlobalSection
	GlobalSection(SolutionProperties) = preSolution
		HideSolutionNode = FALSE
	EndGlobalSection
	GlobalSection(NestedProjects) = preSolution
		{BD824E1E-D368-4591-8C6E-170347CFFB9B} = {5D2BA8C2-3BD9-49B6-AC01-A3C43CC2CA8E}
		{E4DA40E5-107E-4F4F-9ABC-4B175ED2939A} = {5D2BA8C2-3BD9-49B6-AC01-A3C43CC2CA8E}
		{6A43BC00-B6EE-4254-A73B-C88279DACDF5} = {5D2BA8C2-3BD9-49B6-AC01-A3C43CC2CA8E}
		{42396840-B5EF-4C0F-81D0-5BE9F9FDBCDF} = {BD824E1E-D368-4591-8C6E-170347CFFB9B}
		{02CF909C-76F9-48D8-9B22-8C54F29D034C} = {BD824E1E-D368-4591-8C6E-170347CFFB9B}
		{93DDF6A2-184F-4C4A-A906-9F8C16929DD6} = {42396840-B5EF-4C0F-81D0-5BE9F9FDBCDF}
		{503025CF-85E4-4997-AE4E-A43D806D05A6} = {93DDF6A2-184F-4C4A-A906-9F8C16929DD6}
		{B68EE2BD-0BA9-9949-464B-39FFE5CABD0A} = {503025CF-85E4-4997-AE4E-A43D806D05A6}
		{ED99D404-F6B3-517A-4EA7-604A10269355} = {42396840-B5EF-4C0F-81D0-5BE9F9FDBCDF}
		{FF406463-E0EF-C1B2-C0B8-072E8EE1C97F} = {42396840-B5EF-4C0F-81D0-5BE9F9FDBCDF}
		{513D3215-437D-4411-9F60-4456EB52FC7E} = {02CF909C-76F9-48D8-9B22-8C54F29D034C}
		{1BD25A02-6445-F711-4090-E353CADE906E} = {513D3215-437D-4411-9F60-4456EB52FC7E}
		{0DECA417-FD94-4652-9881-53F935D89245} = {E4DA40E5-107E-4F4F-9ABC-4B175ED2939A}
		{A9B789E9-CA2D-4B2F-B5FB-6D515ECFB31E} = {6A43BC00-B6EE-4254-A73B-C88279DACDF5}
		{942CB7F3-BF84-4B6C-B115-5F180DF921C0} = {02CF909C-76F9-48D8-9B22-8C54F29D034C}
		{57997958-0CDB-A2A6-B81A-C5CADFC6E484} = {942CB7F3-BF84-4B6C-B115-5F180DF921C0}
		{72CA0B3B-F617-42B3-A124-F05C1244398B} = {5D2BA8C2-3BD9-49B6-AC01-A3C43CC2CA8E}
		{057EA5B8-8C47-4519-B5FC-9B28191D6843} = {72CA0B3B-F617-42B3-A124-F05C1244398B}
		{AC33FF8E-59E7-4E1E-8111-F446E9FB0231} = {72CA0B3B-F617-42B3-A124-F05C1244398B}
		{FCAC7BF0-C516-499F-AD29-50F82B273FF5} = {5D2BA8C2-3BD9-49B6-AC01-A3C43CC2CA8E}
		{3423EC9A-52E4-4A4D-9753-EDEBC38785EF} = {FCAC7BF0-C516-499F-AD29-50F82B273FF5}
	EndGlobalSection
EndGlobal
